{
  "name": "daftar-situs-slot-online-paling-gacor-gampang-menang-pasti-jp",
  "version": "1.6.0",
  "lockfileVersion": 2,
  "requires": true,
  "packages": {
    "": {
      "name": "daftar-situs-slot-online-paling-gacor-gampang-menang-pasti-jp",
      "version": "1.2.1",
      "license": "MIT",
      "engines": {
        "atom": ">=1.0.0 <2.0.0"
      }
    }
  }
}
